
Microsoft Visual Studio Solution File, Format Version 12.00
# Visual Studio Version 16
VisualStudioVersion = 16.0.30711.63
MinimumVisualStudioVersion = 10.0.40219.1
Project("{8BC9CEB8-8B4A-11D0-8D11-00A0C91BC942}") = "GameEngine4", "GameEngine4\GameEngine4.vcxproj", "{5D93C2E1-C09F-4EDB-8E69-920619FF9D8C}"
EndProject
Global
	GlobalSection(SolutionConfigurationPlatforms) = preSolution
		Debug|x64 = Debug|x64
		Debug|x86 = Debug|x86
		Release|x64 = Release|x64
		Release|x86 = Release|x86
	EndGlobalSection
	GlobalSection(ProjectConfigurationPlatforms) = postSolution
		{5D93C2E1-C09F-4EDB-8E69-920619FF9D8C}.Debug|x64.ActiveCfg = Debug|x64
		{5D93C2E1-C09F-4EDB-8E69-920619FF9D8C}.Debug|x64.Build.0 = Debug|x64
		{5D93C2E1-C09F-4EDB-8E69-920619FF9D8C}.Debug|x86.ActiveCfg = Debug|Win32
		{5D93C2E1-C09F-4EDB-8E69-920619FF9D8C}.Debug|x86.Build.0 = Debug|Win32
		{5D93C2E1-C09F-4EDB-8E69-920619FF9D8C}.Release|x64.ActiveCfg = Release|x64
		{5D93C2E1-C09F-4EDB-8E69-920619FF9D8C}.Release|x64.Build.0 = Release|x64
		{5D93C2E1-C09F-4EDB-8E69-920619FF9D8C}.Release|x86.ActiveCfg = Release|Win32
		{5D93C2E1-C09F-4EDB-8E69-920619FF9D8C}.Release|x86.Build.0 = Release|Win32
	EndGlobalSection
	GlobalSection(SolutionProperties) = preSolution
		HideSolutionNode = FALSE
	EndGlobalSection
	GlobalSection(ExtensibilityGlobals) = postSolution
		SolutionGuid = {C521B47E-F5E3-4A6B-806C-484E0181BDC2}
	EndGlobalSection
EndGlobal
